// !$*UTF8*$!
{
	archiveVersion = 1;
	classes = {
	};
	objectVersion = 48;
	objects = {

/* Begin PBXBuildFile section */
		4E2850EA3F5FE664BE648800 /* Pods_Rabbit.framework in Frameworks */ = {isa = PBXBuildFile; fileRef = 709DED53B24746AD2785B35F /* Pods_Rabbit.framework */; };
		7B86F7191FC2D0710018C573 /* Peacock.swift in Sources */ = {isa = PBXBuildFile; fileRef = 7B86F7181FC2D0710018C573 /* Peacock.swift */; };
		7B86F7571FC2D35A0018C573 /* Rabbit.h in Headers */ = {isa = PBXBuildFile; fileRef = 7B86F7551FC2D35A0018C573 /* Rabbit.h */; settings = {ATTRIBUTES = (Public, ); }; };
		7B86F75B1FC2D37A0018C573 /* Cache.swift in Sources */ = {isa = PBXBuildFile; fileRef = 7BBE87B91F949B2A006A02BA /* Cache.swift */; };
		7B86F75C1FC2D37A0018C573 /* Rabbit.swift in Sources */ = {isa = PBXBuildFile; fileRef = 7BBE87BB1F949B2A006A02BA /* Rabbit.swift */; };
		7B86F75D1FC2D37A0018C573 /* Manager.swift in Sources */ = {isa = PBXBuildFile; fileRef = 7BBE87E81F94A153006A02BA /* Manager.swift */; };
		7B86F75E1FC2D37A0018C573 /* DataDecoder.swift in Sources */ = {isa = PBXBuildFile; fileRef = 7BBE87EA1F94A1AA006A02BA /* DataDecoder.swift */; };
		7B86F75F1FC2D37A0018C573 /* Loader.swift in Sources */ = {isa = PBXBuildFile; fileRef = 7BBE87EC1F94A550006A02BA /* Loader.swift */; };
		7B86F7601FC2D37A0018C573 /* ImageView+Target.swift in Sources */ = {isa = PBXBuildFile; fileRef = 7BBE87BA1F949B2A006A02BA /* ImageView+Target.swift */; };
		7B86F7611FC2D37A0018C573 /* UIButton+Target.swift in Sources */ = {isa = PBXBuildFile; fileRef = 7B16915C1F9A2C35007010C0 /* UIButton+Target.swift */; };
		7B9639FA2000D716008E95D8 /* SessionDelegate.swift in Sources */ = {isa = PBXBuildFile; fileRef = 7B9639F92000D716008E95D8 /* SessionDelegate.swift */; };
		7B9639FD2000EF1E008E95D8 /* LoaderSessionDelegate.swift in Sources */ = {isa = PBXBuildFile; fileRef = 7B9639FB2000E95F008E95D8 /* LoaderSessionDelegate.swift */; };
		7BBE87A31F949A4D006A02BA /* YsSwift.h in Headers */ = {isa = PBXBuildFile; fileRef = 7BBE87A11F949A4D006A02BA /* YsSwift.h */; settings = {ATTRIBUTES = (Public, ); }; };
		7BBE87D81F949B59006A02BA /* Animal.swift in Sources */ = {isa = PBXBuildFile; fileRef = 7BBE87AB1F949B2A006A02BA /* Animal.swift */; };
		7BBE87D91F949B59006A02BA /* CancellationToken.swift in Sources */ = {isa = PBXBuildFile; fileRef = 7BBE87AC1F949B2A006A02BA /* CancellationToken.swift */; };
		7BBE87DA1F949B59006A02BA /* Data+YS.swift in Sources */ = {isa = PBXBuildFile; fileRef = 7BBE87AD1F949B2A006A02BA /* Data+YS.swift */; };
		7BBE87DB1F949B59006A02BA /* Lock.swift in Sources */ = {isa = PBXBuildFile; fileRef = 7BBE87AE1F949B2A006A02BA /* Lock.swift */; };
		7BBE87DC1F949B59006A02BA /* MemCache.swift in Sources */ = {isa = PBXBuildFile; fileRef = 7BBE87AF1F949B2A006A02BA /* MemCache.swift */; };
		7BBE87DD1F949B59006A02BA /* DataLoader.swift in Sources */ = {isa = PBXBuildFile; fileRef = 7BBE87B11F949B2A006A02BA /* DataLoader.swift */; };
		7BBE87DE1F949B59006A02BA /* Request.swift in Sources */ = {isa = PBXBuildFile; fileRef = 7BBE87B21F949B2A006A02BA /* Request.swift */; };
		7BBE87DF1F949B59006A02BA /* Scheduler.swift in Sources */ = {isa = PBXBuildFile; fileRef = 7BBE87B31F949B2A006A02BA /* Scheduler.swift */; };
		7BBE87E01F949B59006A02BA /* String+YS.swift in Sources */ = {isa = PBXBuildFile; fileRef = 7BBE87B41F949B2A006A02BA /* String+YS.swift */; };
		7BBE87E11F949B59006A02BA /* UIImage+YS.swift in Sources */ = {isa = PBXBuildFile; fileRef = 7BBE87B51F949B2A006A02BA /* UIImage+YS.swift */; };
		7BBE87E21F949B59006A02BA /* UIView+YS.swift in Sources */ = {isa = PBXBuildFile; fileRef = 7BBE87B61F949B2A006A02BA /* UIView+YS.swift */; };
		7BBE87E31F949B59006A02BA /* YSSwift.swift in Sources */ = {isa = PBXBuildFile; fileRef = 7BBE87B71F949B2A006A02BA /* YSSwift.swift */; };
		7BBE87F01F94B07C006A02BA /* LoaderDeduplicator.swift in Sources */ = {isa = PBXBuildFile; fileRef = 7BBE87EE1F94B05F006A02BA /* LoaderDeduplicator.swift */; };
		7BC83E2C1FC27347005F6784 /* Peacock.h in Headers */ = {isa = PBXBuildFile; fileRef = 7BC83E2A1FC27347005F6784 /* Peacock.h */; settings = {ATTRIBUTES = (Public, ); }; };
		7BC83ED71FC27B51005F6784 /* YSBaseHeaderFooterView.swift in Sources */ = {isa = PBXBuildFile; fileRef = 7BC83E9D1FC27B50005F6784 /* YSBaseHeaderFooterView.swift */; };
		7BC83ED81FC27B51005F6784 /* YSBaseTableViewCell.swift in Sources */ = {isa = PBXBuildFile; fileRef = 7BC83E9E1FC27B50005F6784 /* YSBaseTableViewCell.swift */; };
		7BC83ED91FC27B51005F6784 /* YSBaseUIConfigs.swift in Sources */ = {isa = PBXBuildFile; fileRef = 7BC83E9F1FC27B50005F6784 /* YSBaseUIConfigs.swift */; };
		7BC83EDA1FC27B51005F6784 /* YSBaseViewController.swift in Sources */ = {isa = PBXBuildFile; fileRef = 7BC83EA01FC27B50005F6784 /* YSBaseViewController.swift */; };
		7BC83EDB1FC27B51005F6784 /* YSCollectionViewCell.swift in Sources */ = {isa = PBXBuildFile; fileRef = 7BC83EA11FC27B50005F6784 /* YSCollectionViewCell.swift */; };
		7BC83EDC1FC27B51005F6784 /* YSLineSeparatorCollectionViewCell.swift in Sources */ = {isa = PBXBuildFile; fileRef = 7BC83EA21FC27B50005F6784 /* YSLineSeparatorCollectionViewCell.swift */; };
		7BC83EDD1FC27B51005F6784 /* YSNavigationController.swift in Sources */ = {isa = PBXBuildFile; fileRef = 7BC83EA31FC27B50005F6784 /* YSNavigationController.swift */; };
		7BC83EDE1FC27B51005F6784 /* YSTableViewController.swift in Sources */ = {isa = PBXBuildFile; fileRef = 7BC83EA41FC27B50005F6784 /* YSTableViewController.swift */; };
		7BC83EDF1FC27B51005F6784 /* YSView.swift in Sources */ = {isa = PBXBuildFile; fileRef = 7BC83EA51FC27B50005F6784 /* YSView.swift */; };
		7BC83EE11FC27B51005F6784 /* NSAttributedString+Extension.swift in Sources */ = {isa = PBXBuildFile; fileRef = 7BC83EA81FC27B50005F6784 /* NSAttributedString+Extension.swift */; };
		7BC83EE21FC27B51005F6784 /* NSDate+Extension.swift in Sources */ = {isa = PBXBuildFile; fileRef = 7BC83EA91FC27B50005F6784 /* NSDate+Extension.swift */; };
		7BC83EE31FC27B51005F6784 /* NSObject+Swift.swift in Sources */ = {isa = PBXBuildFile; fileRef = 7BC83EAA1FC27B50005F6784 /* NSObject+Swift.swift */; };
		7BC83EE41FC27B51005F6784 /* String+Extension.swift in Sources */ = {isa = PBXBuildFile; fileRef = 7BC83EAB1FC27B50005F6784 /* String+Extension.swift */; };
		7BC83EE61FC27B51005F6784 /* UIButton+Swift.swift in Sources */ = {isa = PBXBuildFile; fileRef = 7BC83EAE1FC27B50005F6784 /* UIButton+Swift.swift */; };
		7BC83EE71FC27B51005F6784 /* UIColor+Swift.swift in Sources */ = {isa = PBXBuildFile; fileRef = 7BC83EAF1FC27B50005F6784 /* UIColor+Swift.swift */; };
		7BC83EE81FC27B51005F6784 /* UIImage+Extension.swift in Sources */ = {isa = PBXBuildFile; fileRef = 7BC83EB01FC27B50005F6784 /* UIImage+Extension.swift */; };
		7BC83EE91FC27B51005F6784 /* UIImage+Swift.swift in Sources */ = {isa = PBXBuildFile; fileRef = 7BC83EB11FC27B50005F6784 /* UIImage+Swift.swift */; };
		7BC83EEA1FC27B51005F6784 /* UITableView+Swift.swift in Sources */ = {isa = PBXBuildFile; fileRef = 7BC83EB21FC27B50005F6784 /* UITableView+Swift.swift */; };
		7BC83EEB1FC27B51005F6784 /* UITextField+Swift.swift in Sources */ = {isa = PBXBuildFile; fileRef = 7BC83EB31FC27B50005F6784 /* UITextField+Swift.swift */; };
		7BC83EEC1FC27B51005F6784 /* UIView+Swift.swift in Sources */ = {isa = PBXBuildFile; fileRef = 7BC83EB41FC27B50005F6784 /* UIView+Swift.swift */; };
		7BC83EED1FC27B51005F6784 /* UIViewController+Swift.swift in Sources */ = {isa = PBXBuildFile; fileRef = 7BC83EB51FC27B50005F6784 /* UIViewController+Swift.swift */; };
		7BC83EEE1FC27B51005F6784 /* Response+Any.swift in Sources */ = {isa = PBXBuildFile; fileRef = 7BC83EB81FC27B50005F6784 /* Response+Any.swift */; };
		7BC83EEF1FC27B51005F6784 /* RxMoyaProvider+ObjectMapper.swift in Sources */ = {isa = PBXBuildFile; fileRef = 7BC83EB91FC27B50005F6784 /* RxMoyaProvider+ObjectMapper.swift */; };
		7BC83EF01FC27B51005F6784 /* YSNetWorkManager.swift in Sources */ = {isa = PBXBuildFile; fileRef = 7BC83EBB1FC27B50005F6784 /* YSNetWorkManager.swift */; };
		7BC83EF11FC27B51005F6784 /* YSTargetRequestable.swift in Sources */ = {isa = PBXBuildFile; fileRef = 7BC83EBC1FC27B50005F6784 /* YSTargetRequestable.swift */; };
		7BC83EF21FC27B51005F6784 /* YSNetWorkConstant.swift in Sources */ = {isa = PBXBuildFile; fileRef = 7BC83EBE1FC27B50005F6784 /* YSNetWorkConstant.swift */; };
		7BC83EF31FC27B51005F6784 /* YSImageButton.swift in Sources */ = {isa = PBXBuildFile; fileRef = 7BC83EC11FC27B50005F6784 /* YSImageButton.swift */; };
		7BC83EF41FC27B51005F6784 /* YSMediaPicker.swift in Sources */ = {isa = PBXBuildFile; fileRef = 7BC83EC21FC27B50005F6784 /* YSMediaPicker.swift */; };
		7BC83EF51FC27B51005F6784 /* YSPasscodeField.swift in Sources */ = {isa = PBXBuildFile; fileRef = 7BC83EC31FC27B50005F6784 /* YSPasscodeField.swift */; };
		7BC83EF61FC27B51005F6784 /* YSAppConfig.swift in Sources */ = {isa = PBXBuildFile; fileRef = 7BC83EC51FC27B50005F6784 /* YSAppConfig.swift */; };
		7BC83EF71FC27B51005F6784 /* YSAppConfigController.swift in Sources */ = {isa = PBXBuildFile; fileRef = 7BC83EC61FC27B50005F6784 /* YSAppConfigController.swift */; };
		7BC83EF81FC27B51005F6784 /* YSActionItem.swift in Sources */ = {isa = PBXBuildFile; fileRef = 7BC83EC81FC27B50005F6784 /* YSActionItem.swift */; };
		7BC83EF91FC27B51005F6784 /* YSAlertView.swift in Sources */ = {isa = PBXBuildFile; fileRef = 7BC83EC91FC27B50005F6784 /* YSAlertView.swift */; };
		7BC83EFA1FC27B51005F6784 /* YSBubbleView.swift in Sources */ = {isa = PBXBuildFile; fileRef = 7BC83ECA1FC27B50005F6784 /* YSBubbleView.swift */; };
		7BC83EFB1FC27B51005F6784 /* YSPopupExtension.swift in Sources */ = {isa = PBXBuildFile; fileRef = 7BC83ECB1FC27B50005F6784 /* YSPopupExtension.swift */; };
		7BC83EFC1FC27B51005F6784 /* YSPopupView.swift in Sources */ = {isa = PBXBuildFile; fileRef = 7BC83ECC1FC27B50005F6784 /* YSPopupView.swift */; };
		7BC83EFD1FC27B51005F6784 /* YSSheetView.swift in Sources */ = {isa = PBXBuildFile; fileRef = 7BC83ECD1FC27B50005F6784 /* YSSheetView.swift */; };
		7BC83EFE1FC27B51005F6784 /* YSWindow.swift in Sources */ = {isa = PBXBuildFile; fileRef = 7BC83ECE1FC27B50005F6784 /* YSWindow.swift */; };
		7BC83EFF1FC27B51005F6784 /* SwiftUserDefaults.swift in Sources */ = {isa = PBXBuildFile; fileRef = 7BC83ED01FC27B50005F6784 /* SwiftUserDefaults.swift */; };
		7BC83F001FC27B51005F6784 /* YSColor.swift in Sources */ = {isa = PBXBuildFile; fileRef = 7BC83ED11FC27B50005F6784 /* YSColor.swift */; };
		7BC83F011FC27B51005F6784 /* YSFont.swift in Sources */ = {isa = PBXBuildFile; fileRef = 7BC83ED21FC27B50005F6784 /* YSFont.swift */; };
		7BC83F021FC27B51005F6784 /* YSLanguageManager.swift in Sources */ = {isa = PBXBuildFile; fileRef = 7BC83ED31FC27B50005F6784 /* YSLanguageManager.swift */; };
		7BC83F031FC27B51005F6784 /* YSUIManager.swift in Sources */ = {isa = PBXBuildFile; fileRef = 7BC83ED41FC27B50005F6784 /* YSUIManager.swift */; };
		7BC83F041FC27B51005F6784 /* YSUtils.swift in Sources */ = {isa = PBXBuildFile; fileRef = 7BC83ED51FC27B50005F6784 /* YSUtils.swift */; };
		7BC83F051FC27B51005F6784 /* YSAppManager.swift in Sources */ = {isa = PBXBuildFile; fileRef = 7BC83ED61FC27B50005F6784 /* YSAppManager.swift */; };
		7BC83F211FC28B37005F6784 /* YSSwiftError.swift in Sources */ = {isa = PBXBuildFile; fileRef = 7BC83F201FC28B37005F6784 /* YSSwiftError.swift */; };
		C7F5BEDBCC2EE1D35BE1C679 /* Pods_Peacock.framework in Frameworks */ = {isa = PBXBuildFile; fileRef = 124FCFB694358494D598957E /* Pods_Peacock.framework */; };
		D1ABE60C0F6AE72D662E79F6 /* Pods_YsSwift.framework in Frameworks */ = {isa = PBXBuildFile; fileRef = A755192FA4CC6096364C9F9E /* Pods_YsSwift.framework */; };
/* End PBXBuildFile section */

/* Begin PBXFileReference section */
		051A4EF8BFDA81AA46324452 /* Pods-Peacock.debug.xcconfig */ = {isa = PBXFileReference; includeInIndex = 1; lastKnownFileType = text.xcconfig; name = "Pods-Peacock.debug.xcconfig"; path = "Pods/Target Support Files/Pods-Peacock/Pods-Peacock.debug.xcconfig"; sourceTree = "<group>"; };
		0530A2F492F64DA9FA153378 /* Pods-YsSwift.debug.xcconfig */ = {isa = PBXFileReference; includeInIndex = 1; lastKnownFileType = text.xcconfig; name = "Pods-YsSwift.debug.xcconfig"; path = "Pods/Target Support Files/Pods-YsSwift/Pods-YsSwift.debug.xcconfig"; sourceTree = "<group>"; };
		10AE832B194444955775074E /* Pods-LibApp-Peacock.debug.xcconfig */ = {isa = PBXFileReference; includeInIndex = 1; lastKnownFileType = text.xcconfig; name = "Pods-LibApp-Peacock.debug.xcconfig"; path = "Pods/Target Support Files/Pods-LibApp-Peacock/Pods-LibApp-Peacock.debug.xcconfig"; sourceTree = "<group>"; };
		124FCFB694358494D598957E /* Pods_Peacock.framework */ = {isa = PBXFileReference; explicitFileType = wrapper.framework; includeInIndex = 0; path = Pods_Peacock.framework; sourceTree = BUILT_PRODUCTS_DIR; };
		16C026F9C55835E0B9756538 /* Pods-Peacock.release.xcconfig */ = {isa = PBXFileReference; includeInIndex = 1; lastKnownFileType = text.xcconfig; name = "Pods-Peacock.release.xcconfig"; path = "Pods/Target Support Files/Pods-Peacock/Pods-Peacock.release.xcconfig"; sourceTree = "<group>"; };
		2B9605920F2D170173254135 /* Pods-LibApp-YsSwift.debug.xcconfig */ = {isa = PBXFileReference; includeInIndex = 1; lastKnownFileType = text.xcconfig; name = "Pods-LibApp-YsSwift.debug.xcconfig"; path = "Pods/Target Support Files/Pods-LibApp-YsSwift/Pods-LibApp-YsSwift.debug.xcconfig"; sourceTree = "<group>"; };
		3578DFAFAF07465AD2AF5132 /* Pods-Rabbit.debug.xcconfig */ = {isa = PBXFileReference; includeInIndex = 1; lastKnownFileType = text.xcconfig; name = "Pods-Rabbit.debug.xcconfig"; path = "Pods/Target Support Files/Pods-Rabbit/Pods-Rabbit.debug.xcconfig"; sourceTree = "<group>"; };
		5E54626B044EFED1CBC23154 /* Pods-LibApp-Peacock.release.xcconfig */ = {isa = PBXFileReference; includeInIndex = 1; lastKnownFileType = text.xcconfig; name = "Pods-LibApp-Peacock.release.xcconfig"; path = "Pods/Target Support Files/Pods-LibApp-Peacock/Pods-LibApp-Peacock.release.xcconfig"; sourceTree = "<group>"; };
		709DED53B24746AD2785B35F /* Pods_Rabbit.framework */ = {isa = PBXFileReference; explicitFileType = wrapper.framework; includeInIndex = 0; path = Pods_Rabbit.framework; sourceTree = BUILT_PRODUCTS_DIR; };
		75571DC80B066DFFCD0A9686 /* Pods-LibApp-Rabbit.release.xcconfig */ = {isa = PBXFileReference; includeInIndex = 1; lastKnownFileType = text.xcconfig; name = "Pods-LibApp-Rabbit.release.xcconfig"; path = "Pods/Target Support Files/Pods-LibApp-Rabbit/Pods-LibApp-Rabbit.release.xcconfig"; sourceTree = "<group>"; };
		7B16915C1F9A2C35007010C0 /* UIButton+Target.swift */ = {isa = PBXFileReference; lastKnownFileType = sourcecode.swift; path = "UIButton+Target.swift"; sourceTree = "<group>"; };
		7B86F7181FC2D0710018C573 /* Peacock.swift */ = {isa = PBXFileReference; lastKnownFileType = sourcecode.swift; path = Peacock.swift; sourceTree = "<group>"; };
		7B86F7531FC2D35A0018C573 /* Rabbit.framework */ = {isa = PBXFileReference; explicitFileType = wrapper.framework; includeInIndex = 0; path = Rabbit.framework; sourceTree = BUILT_PRODUCTS_DIR; };
		7B86F7551FC2D35A0018C573 /* Rabbit.h */ = {isa = PBXFileReference; lastKnownFileType = sourcecode.c.h; path = Rabbit.h; sourceTree = "<group>"; };
		7B86F7561FC2D35A0018C573 /* Info.plist */ = {isa = PBXFileReference; lastKnownFileType = text.plist.xml; path = Info.plist; sourceTree = "<group>"; };
		7B9639F92000D716008E95D8 /* SessionDelegate.swift */ = {isa = PBXFileReference; lastKnownFileType = sourcecode.swift; path = SessionDelegate.swift; sourceTree = "<group>"; };
		7B9639FB2000E95F008E95D8 /* LoaderSessionDelegate.swift */ = {isa = PBXFileReference; lastKnownFileType = sourcecode.swift; path = LoaderSessionDelegate.swift; sourceTree = "<group>"; };
		7BBE879E1F949A4D006A02BA /* YsSwift.framework */ = {isa = PBXFileReference; explicitFileType = wrapper.framework; includeInIndex = 0; path = YsSwift.framework; sourceTree = BUILT_PRODUCTS_DIR; };
		7BBE87A11F949A4D006A02BA /* YsSwift.h */ = {isa = PBXFileReference; lastKnownFileType = sourcecode.c.h; path = YsSwift.h; sourceTree = "<group>"; };
		7BBE87A21F949A4D006A02BA /* Info.plist */ = {isa = PBXFileReference; lastKnownFileType = text.plist.xml; path = Info.plist; sourceTree = "<group>"; };
		7BBE87AB1F949B2A006A02BA /* Animal.swift */ = {isa = PBXFileReference; fileEncoding = 4; lastKnownFileType = sourcecode.swift; path = Animal.swift; sourceTree = "<group>"; };
		7BBE87AC1F949B2A006A02BA /* CancellationToken.swift */ = {isa = PBXFileReference; fileEncoding = 4; lastKnownFileType = sourcecode.swift; path = CancellationToken.swift; sourceTree = "<group>"; };
		7BBE87AD1F949B2A006A02BA /* Data+YS.swift */ = {isa = PBXFileReference; fileEncoding = 4; lastKnownFileType = sourcecode.swift; path = "Data+YS.swift"; sourceTree = "<group>"; };
		7BBE87AE1F949B2A006A02BA /* Lock.swift */ = {isa = PBXFileReference; fileEncoding = 4; lastKnownFileType = sourcecode.swift; path = Lock.swift; sourceTree = "<group>"; };
		7BBE87AF1F949B2A006A02BA /* MemCache.swift */ = {isa = PBXFileReference; fileEncoding = 4; lastKnownFileType = sourcecode.swift; path = MemCache.swift; sourceTree = "<group>"; };
		7BBE87B11F949B2A006A02BA /* DataLoader.swift */ = {isa = PBXFileReference; fileEncoding = 4; lastKnownFileType = sourcecode.swift; path = DataLoader.swift; sourceTree = "<group>"; };
		7BBE87B21F949B2A006A02BA /* Request.swift */ = {isa = PBXFileReference; fileEncoding = 4; lastKnownFileType = sourcecode.swift; path = Request.swift; sourceTree = "<group>"; };
		7BBE87B31F949B2A006A02BA /* Scheduler.swift */ = {isa = PBXFileReference; fileEncoding = 4; lastKnownFileType = sourcecode.swift; path = Scheduler.swift; sourceTree = "<group>"; };
		7BBE87B41F949B2A006A02BA /* String+YS.swift */ = {isa = PBXFileReference; fileEncoding = 4; lastKnownFileType = sourcecode.swift; path = "String+YS.swift"; sourceTree = "<group>"; };
		7BBE87B51F949B2A006A02BA /* UIImage+YS.swift */ = {isa = PBXFileReference; fileEncoding = 4; lastKnownFileType = sourcecode.swift; path = "UIImage+YS.swift"; sourceTree = "<group>"; };
		7BBE87B61F949B2A006A02BA /* UIView+YS.swift */ = {isa = PBXFileReference; fileEncoding = 4; lastKnownFileType = sourcecode.swift; path = "UIView+YS.swift"; sourceTree = "<group>"; };
		7BBE87B71F949B2A006A02BA /* YSSwift.swift */ = {isa = PBXFileReference; fileEncoding = 4; lastKnownFileType = sourcecode.swift; path = YSSwift.swift; sourceTree = "<group>"; };
		7BBE87B91F949B2A006A02BA /* Cache.swift */ = {isa = PBXFileReference; fileEncoding = 4; lastKnownFileType = sourcecode.swift; path = Cache.swift; sourceTree = "<group>"; };
		7BBE87BA1F949B2A006A02BA /* ImageView+Target.swift */ = {isa = PBXFileReference; fileEncoding = 4; lastKnownFileType = sourcecode.swift; path = "ImageView+Target.swift"; sourceTree = "<group>"; };
		7BBE87BB1F949B2A006A02BA /* Rabbit.swift */ = {isa = PBXFileReference; fileEncoding = 4; lastKnownFileType = sourcecode.swift; path = Rabbit.swift; sourceTree = "<group>"; };
		7BBE87E81F94A153006A02BA /* Manager.swift */ = {isa = PBXFileReference; lastKnownFileType = sourcecode.swift; path = Manager.swift; sourceTree = "<group>"; };
		7BBE87EA1F94A1AA006A02BA /* DataDecoder.swift */ = {isa = PBXFileReference; lastKnownFileType = sourcecode.swift; path = DataDecoder.swift; sourceTree = "<group>"; };
		7BBE87EC1F94A550006A02BA /* Loader.swift */ = {isa = PBXFileReference; lastKnownFileType = sourcecode.swift; path = Loader.swift; sourceTree = "<group>"; };
		7BBE87EE1F94B05F006A02BA /* LoaderDeduplicator.swift */ = {isa = PBXFileReference; lastKnownFileType = sourcecode.swift; path = LoaderDeduplicator.swift; sourceTree = "<group>"; };
		7BC83E281FC27347005F6784 /* Peacock.framework */ = {isa = PBXFileReference; explicitFileType = wrapper.framework; includeInIndex = 0; path = Peacock.framework; sourceTree = BUILT_PRODUCTS_DIR; };
		7BC83E2A1FC27347005F6784 /* Peacock.h */ = {isa = PBXFileReference; lastKnownFileType = sourcecode.c.h; path = Peacock.h; sourceTree = "<group>"; };
		7BC83E2B1FC27347005F6784 /* Info.plist */ = {isa = PBXFileReference; lastKnownFileType = text.plist.xml; path = Info.plist; sourceTree = "<group>"; };
		7BC83E9D1FC27B50005F6784 /* YSBaseHeaderFooterView.swift */ = {isa = PBXFileReference; fileEncoding = 4; lastKnownFileType = sourcecode.swift; path = YSBaseHeaderFooterView.swift; sourceTree = "<group>"; };
		7BC83E9E1FC27B50005F6784 /* YSBaseTableViewCell.swift */ = {isa = PBXFileReference; fileEncoding = 4; lastKnownFileType = sourcecode.swift; path = YSBaseTableViewCell.swift; sourceTree = "<group>"; };
		7BC83E9F1FC27B50005F6784 /* YSBaseUIConfigs.swift */ = {isa = PBXFileReference; fileEncoding = 4; lastKnownFileType = sourcecode.swift; path = YSBaseUIConfigs.swift; sourceTree = "<group>"; };
		7BC83EA01FC27B50005F6784 /* YSBaseViewController.swift */ = {isa = PBXFileReference; fileEncoding = 4; lastKnownFileType = sourcecode.swift; path = YSBaseViewController.swift; sourceTree = "<group>"; };
		7BC83EA11FC27B50005F6784 /* YSCollectionViewCell.swift */ = {isa = PBXFileReference; fileEncoding = 4; lastKnownFileType = sourcecode.swift; path = YSCollectionViewCell.swift; sourceTree = "<group>"; };
		7BC83EA21FC27B50005F6784 /* YSLineSeparatorCollectionViewCell.swift */ = {isa = PBXFileReference; fileEncoding = 4; lastKnownFileType = sourcecode.swift; path = YSLineSeparatorCollectionViewCell.swift; sourceTree = "<group>"; };
		7BC83EA31FC27B50005F6784 /* YSNavigationController.swift */ = {isa = PBXFileReference; fileEncoding = 4; lastKnownFileType = sourcecode.swift; path = YSNavigationController.swift; sourceTree = "<group>"; };
		7BC83EA41FC27B50005F6784 /* YSTableViewController.swift */ = {isa = PBXFileReference; fileEncoding = 4; lastKnownFileType = sourcecode.swift; path = YSTableViewController.swift; sourceTree = "<group>"; };
		7BC83EA51FC27B50005F6784 /* YSView.swift */ = {isa = PBXFileReference; fileEncoding = 4; lastKnownFileType = sourcecode.swift; path = YSView.swift; sourceTree = "<group>"; };
		7BC83EA81FC27B50005F6784 /* NSAttributedString+Extension.swift */ = {isa = PBXFileReference; fileEncoding = 4; lastKnownFileType = sourcecode.swift; path = "NSAttributedString+Extension.swift"; sourceTree = "<group>"; };
		7BC83EA91FC27B50005F6784 /* NSDate+Extension.swift */ = {isa = PBXFileReference; fileEncoding = 4; lastKnownFileType = sourcecode.swift; path = "NSDate+Extension.swift"; sourceTree = "<group>"; };
		7BC83EAA1FC27B50005F6784 /* NSObject+Swift.swift */ = {isa = PBXFileReference; fileEncoding = 4; lastKnownFileType = sourcecode.swift; path = "NSObject+Swift.swift"; sourceTree = "<group>"; };
		7BC83EAB1FC27B50005F6784 /* String+Extension.swift */ = {isa = PBXFileReference; fileEncoding = 4; lastKnownFileType = sourcecode.swift; path = "String+Extension.swift"; sourceTree = "<group>"; };
		7BC83EAE1FC27B50005F6784 /* UIButton+Swift.swift */ = {isa = PBXFileReference; fileEncoding = 4; lastKnownFileType = sourcecode.swift; path = "UIButton+Swift.swift"; sourceTree = "<group>"; };
		7BC83EAF1FC27B50005F6784 /* UIColor+Swift.swift */ = {isa = PBXFileReference; fileEncoding = 4; lastKnownFileType = sourcecode.swift; path = "UIColor+Swift.swift"; sourceTree = "<group>"; };
		7BC83EB01FC27B50005F6784 /* UIImage+Extension.swift */ = {isa = PBXFileReference; fileEncoding = 4; lastKnownFileType = sourcecode.swift; path = "UIImage+Extension.swift"; sourceTree = "<group>"; };
		7BC83EB11FC27B50005F6784 /* UIImage+Swift.swift */ = {isa = PBXFileReference; fileEncoding = 4; lastKnownFileType = sourcecode.swift; path = "UIImage+Swift.swift"; sourceTree = "<group>"; };
		7BC83EB21FC27B50005F6784 /* UITableView+Swift.swift */ = {isa = PBXFileReference; fileEncoding = 4; lastKnownFileType = sourcecode.swift; path = "UITableView+Swift.swift"; sourceTree = "<group>"; };
		7BC83EB31FC27B50005F6784 /* UITextField+Swift.swift */ = {isa = PBXFileReference; fileEncoding = 4; lastKnownFileType = sourcecode.swift; path = "UITextField+Swift.swift"; sourceTree = "<group>"; };
		7BC83EB41FC27B50005F6784 /* UIView+Swift.swift */ = {isa = PBXFileReference; fileEncoding = 4; lastKnownFileType = sourcecode.swift; path = "UIView+Swift.swift"; sourceTree = "<group>"; };
		7BC83EB51FC27B50005F6784 /* UIViewController+Swift.swift */ = {isa = PBXFileReference; fileEncoding = 4; lastKnownFileType = sourcecode.swift; path = "UIViewController+Swift.swift"; sourceTree = "<group>"; };
		7BC83EB81FC27B50005F6784 /* Response+Any.swift */ = {isa = PBXFileReference; fileEncoding = 4; lastKnownFileType = sourcecode.swift; path = "Response+Any.swift"; sourceTree = "<group>"; };
		7BC83EB91FC27B50005F6784 /* RxMoyaProvider+ObjectMapper.swift */ = {isa = PBXFileReference; fileEncoding = 4; lastKnownFileType = sourcecode.swift; path = "RxMoyaProvider+ObjectMapper.swift"; sourceTree = "<group>"; };
		7BC83EBB1FC27B50005F6784 /* YSNetWorkManager.swift */ = {isa = PBXFileReference; fileEncoding = 4; lastKnownFileType = sourcecode.swift; path = YSNetWorkManager.swift; sourceTree = "<group>"; };
		7BC83EBC1FC27B50005F6784 /* YSTargetRequestable.swift */ = {isa = PBXFileReference; fileEncoding = 4; lastKnownFileType = sourcecode.swift; path = YSTargetRequestable.swift; sourceTree = "<group>"; };
		7BC83EBE1FC27B50005F6784 /* YSNetWorkConstant.swift */ = {isa = PBXFileReference; fileEncoding = 4; lastKnownFileType = sourcecode.swift; path = YSNetWorkConstant.swift; sourceTree = "<group>"; };
		7BC83EC11FC27B50005F6784 /* YSImageButton.swift */ = {isa = PBXFileReference; fileEncoding = 4; lastKnownFileType = sourcecode.swift; path = YSImageButton.swift; sourceTree = "<group>"; };
		7BC83EC21FC27B50005F6784 /* YSMediaPicker.swift */ = {isa = PBXFileReference; fileEncoding = 4; lastKnownFileType = sourcecode.swift; path = YSMediaPicker.swift; sourceTree = "<group>"; };
		7BC83EC31FC27B50005F6784 /* YSPasscodeField.swift */ = {isa = PBXFileReference; fileEncoding = 4; lastKnownFileType = sourcecode.swift; path = YSPasscodeField.swift; sourceTree = "<group>"; };
		7BC83EC51FC27B50005F6784 /* YSAppConfig.swift */ = {isa = PBXFileReference; fileEncoding = 4; lastKnownFileType = sourcecode.swift; path = YSAppConfig.swift; sourceTree = "<group>"; };
		7BC83EC61FC27B50005F6784 /* YSAppConfigController.swift */ = {isa = PBXFileReference; fileEncoding = 4; lastKnownFileType = sourcecode.swift; path = YSAppConfigController.swift; sourceTree = "<group>"; };
		7BC83EC81FC27B50005F6784 /* YSActionItem.swift */ = {isa = PBXFileReference; fileEncoding = 4; lastKnownFileType = sourcecode.swift; path = YSActionItem.swift; sourceTree = "<group>"; };
		7BC83EC91FC27B50005F6784 /* YSAlertView.swift */ = {isa = PBXFileReference; fileEncoding = 4; lastKnownFileType = sourcecode.swift; path = YSAlertView.swift; sourceTree = "<group>"; };
		7BC83ECA1FC27B50005F6784 /* YSBubbleView.swift */ = {isa = PBXFileReference; fileEncoding = 4; lastKnownFileType = sourcecode.swift; path = YSBubbleView.swift; sourceTree = "<group>"; };
		7BC83ECB1FC27B50005F6784 /* YSPopupExtension.swift */ = {isa = PBXFileReference; fileEncoding = 4; lastKnownFileType = sourcecode.swift; path = YSPopupExtension.swift; sourceTree = "<group>"; };
		7BC83ECC1FC27B50005F6784 /* YSPopupView.swift */ = {isa = PBXFileReference; fileEncoding = 4; lastKnownFileType = sourcecode.swift; path = YSPopupView.swift; sourceTree = "<group>"; };
		7BC83ECD1FC27B50005F6784 /* YSSheetView.swift */ = {isa = PBXFileReference; fileEncoding = 4; lastKnownFileType = sourcecode.swift; path = YSSheetView.swift; sourceTree = "<group>"; };
		7BC83ECE1FC27B50005F6784 /* YSWindow.swift */ = {isa = PBXFileReference; fileEncoding = 4; lastKnownFileType = sourcecode.swift; path = YSWindow.swift; sourceTree = "<group>"; };
		7BC83ED01FC27B50005F6784 /* SwiftUserDefaults.swift */ = {isa = PBXFileReference; fileEncoding = 4; lastKnownFileType = sourcecode.swift; path = SwiftUserDefaults.swift; sourceTree = "<group>"; };
		7BC83ED11FC27B50005F6784 /* YSColor.swift */ = {isa = PBXFileReference; fileEncoding = 4; lastKnownFileType = sourcecode.swift; path = YSColor.swift; sourceTree = "<group>"; };
		7BC83ED21FC27B50005F6784 /* YSFont.swift */ = {isa = PBXFileReference; fileEncoding = 4; lastKnownFileType = sourcecode.swift; path = YSFont.swift; sourceTree = "<group>"; };
		7BC83ED31FC27B50005F6784 /* YSLanguageManager.swift */ = {isa = PBXFileReference; fileEncoding = 4; lastKnownFileType = sourcecode.swift; path = YSLanguageManager.swift; sourceTree = "<group>"; };
		7BC83ED41FC27B50005F6784 /* YSUIManager.swift */ = {isa = PBXFileReference; fileEncoding = 4; lastKnownFileType = sourcecode.swift; path = YSUIManager.swift; sourceTree = "<group>"; };
		7BC83ED51FC27B50005F6784 /* YSUtils.swift */ = {isa = PBXFileReference; fileEncoding = 4; lastKnownFileType = sourcecode.swift; path = YSUtils.swift; sourceTree = "<group>"; };
		7BC83ED61FC27B50005F6784 /* YSAppManager.swift */ = {isa = PBXFileReference; fileEncoding = 4; lastKnownFileType = sourcecode.swift; path = YSAppManager.swift; sourceTree = "<group>"; };
		7BC83F201FC28B37005F6784 /* YSSwiftError.swift */ = {isa = PBXFileReference; lastKnownFileType = sourcecode.swift; path = YSSwiftError.swift; sourceTree = "<group>"; };
		7DFB10B9703414DF169BDADC /* Pods-Rabbit.release.xcconfig */ = {isa = PBXFileReference; includeInIndex = 1; lastKnownFileType = text.xcconfig; name = "Pods-Rabbit.release.xcconfig"; path = "Pods/Target Support Files/Pods-Rabbit/Pods-Rabbit.release.xcconfig"; sourceTree = "<group>"; };
		A755192FA4CC6096364C9F9E /* Pods_YsSwift.framework */ = {isa = PBXFileReference; explicitFileType = wrapper.framework; includeInIndex = 0; path = Pods_YsSwift.framework; sourceTree = BUILT_PRODUCTS_DIR; };
		AF4DE7F44338624BBDD07169 /* Pods-LibApp-YsSwift.release.xcconfig */ = {isa = PBXFileReference; includeInIndex = 1; lastKnownFileType = text.xcconfig; name = "Pods-LibApp-YsSwift.release.xcconfig"; path = "Pods/Target Support Files/Pods-LibApp-YsSwift/Pods-LibApp-YsSwift.release.xcconfig"; sourceTree = "<group>"; };
		CC099B6082A0986FC3AC60BF /* Pods-YsSwift.release.xcconfig */ = {isa = PBXFileReference; includeInIndex = 1; lastKnownFileType = text.xcconfig; name = "Pods-YsSwift.release.xcconfig"; path = "Pods/Target Support Files/Pods-YsSwift/Pods-YsSwift.release.xcconfig"; sourceTree = "<group>"; };
		D4401DB8FE5FB1BC95037D53 /* Pods-LibApp-Rabbit.debug.xcconfig */ = {isa = PBXFileReference; includeInIndex = 1; lastKnownFileType = text.xcconfig; name = "Pods-LibApp-Rabbit.debug.xcconfig"; path = "Pods/Target Support Files/Pods-LibApp-Rabbit/Pods-LibApp-Rabbit.debug.xcconfig"; sourceTree = "<group>"; };
/* End PBXFileReference section */

/* Begin PBXFrameworksBuildPhase section */
		7B86F74F1FC2D35A0018C573 /* Frameworks */ = {
			isa = PBXFrameworksBuildPhase;
			buildActionMask = 2147483647;
			files = (
				4E2850EA3F5FE664BE648800 /* Pods_Rabbit.framework in Frameworks */,
			);
			runOnlyForDeploymentPostprocessing = 0;
		};
		7BBE879A1F949A4D006A02BA /* Frameworks */ = {
			isa = PBXFrameworksBuildPhase;
			buildActionMask = 2147483647;
			files = (
				D1ABE60C0F6AE72D662E79F6 /* Pods_YsSwift.framework in Frameworks */,
			);
			runOnlyForDeploymentPostprocessing = 0;
		};
		7BC83E241FC27347005F6784 /* Frameworks */ = {
			isa = PBXFrameworksBuildPhase;
			buildActionMask = 2147483647;
			files = (
				C7F5BEDBCC2EE1D35BE1C679 /* Pods_Peacock.framework in Frameworks */,
			);
			runOnlyForDeploymentPostprocessing = 0;
		};
/* End PBXFrameworksBuildPhase section */

/* Begin PBXGroup section */
		7B86F7541FC2D35A0018C573 /* Rabbit */ = {
			isa = PBXGroup;
			children = (
				7B86F7551FC2D35A0018C573 /* Rabbit.h */,
				7B86F7561FC2D35A0018C573 /* Info.plist */,
			);
			path = Rabbit;
			sourceTree = "<group>";
		};
		7BBE87941F949A4D006A02BA = {
			isa = PBXGroup;
			children = (
				7BBE87A91F949B2A006A02BA /* Sources */,
				7BBE87A01F949A4D006A02BA /* YsSwift */,
				7BC83E291FC27347005F6784 /* Peacock */,
				7B86F7541FC2D35A0018C573 /* Rabbit */,
				7BBE879F1F949A4D006A02BA /* Products */,
				C459FBE5FB69A9A5A288C65B /* Pods */,
				A4BCAE5D4320E43B7337BF4E /* Frameworks */,
			);
			sourceTree = "<group>";
		};
		7BBE879F1F949A4D006A02BA /* Products */ = {
			isa = PBXGroup;
			children = (
				7BBE879E1F949A4D006A02BA /* YsSwift.framework */,
				7BC83E281FC27347005F6784 /* Peacock.framework */,
				7B86F7531FC2D35A0018C573 /* Rabbit.framework */,
			);
			name = Products;
			sourceTree = "<group>";
		};
		7BBE87A01F949A4D006A02BA /* YsSwift */ = {
			isa = PBXGroup;
			children = (
				7BBE87A11F949A4D006A02BA /* YsSwift.h */,
				7BBE87A21F949A4D006A02BA /* Info.plist */,
			);
			path = YsSwift;
			sourceTree = "<group>";
		};
		7BBE87A91F949B2A006A02BA /* Sources */ = {
			isa = PBXGroup;
			children = (
				7BC83E9B1FC27B50005F6784 /* Peacock */,
				7BBE87AA1F949B2A006A02BA /* Animal */,
				7BBE87B81F949B2A006A02BA /* Rabbit */,
			);
			name = Sources;
			path = ../Sources;
			sourceTree = "<group>";
		};
		7BBE87AA1F949B2A006A02BA /* Animal */ = {
			isa = PBXGroup;
			children = (
				7BC83F201FC28B37005F6784 /* YSSwiftError.swift */,
				7BBE87AB1F949B2A006A02BA /* Animal.swift */,
				7BBE87AC1F949B2A006A02BA /* CancellationToken.swift */,
				7BBE87AD1F949B2A006A02BA /* Data+YS.swift */,
				7BBE87AE1F949B2A006A02BA /* Lock.swift */,
				7BBE87AF1F949B2A006A02BA /* MemCache.swift */,
				7BBE87B31F949B2A006A02BA /* Scheduler.swift */,
				7BBE87B41F949B2A006A02BA /* String+YS.swift */,
				7BBE87B51F949B2A006A02BA /* UIImage+YS.swift */,
				7BBE87B61F949B2A006A02BA /* UIView+YS.swift */,
				7BBE87B71F949B2A006A02BA /* YSSwift.swift */,
				7BBE87B01F949B2A006A02BA /* Net */,
			);
			path = Animal;
			sourceTree = "<group>";
		};
		7BBE87B01F949B2A006A02BA /* Net */ = {
			isa = PBXGroup;
			children = (
				7BBE87B11F949B2A006A02BA /* DataLoader.swift */,
				7BBE87B21F949B2A006A02BA /* Request.swift */,
				7BBE87EE1F94B05F006A02BA /* LoaderDeduplicator.swift */,
				7B9639F92000D716008E95D8 /* SessionDelegate.swift */,
			);
			path = Net;
			sourceTree = "<group>";
		};
		7BBE87B81F949B2A006A02BA /* Rabbit */ = {
			isa = PBXGroup;
			children = (
				7BBE87B91F949B2A006A02BA /* Cache.swift */,
				7BBE87BB1F949B2A006A02BA /* Rabbit.swift */,
				7BBE87E81F94A153006A02BA /* Manager.swift */,
				7BBE87EA1F94A1AA006A02BA /* DataDecoder.swift */,
				7BBE87EC1F94A550006A02BA /* Loader.swift */,
				7BBE87BA1F949B2A006A02BA /* ImageView+Target.swift */,
				7B16915C1F9A2C35007010C0 /* UIButton+Target.swift */,
				7B9639FB2000E95F008E95D8 /* LoaderSessionDelegate.swift */,
			);
			path = Rabbit;
			sourceTree = "<group>";
		};
		7BC83E291FC27347005F6784 /* Peacock */ = {
			isa = PBXGroup;
			children = (
				7BC83E2A1FC27347005F6784 /* Peacock.h */,
				7BC83E2B1FC27347005F6784 /* Info.plist */,
			);
			path = Peacock;
			sourceTree = "<group>";
		};
		7BC83E9B1FC27B50005F6784 /* Peacock */ = {
			isa = PBXGroup;
			children = (
				7BC83E9C1FC27B50005F6784 /* BaseUIClass */,
				7BC83EA61FC27B50005F6784 /* Extenstion */,
				7BC83EB61FC27B50005F6784 /* Network */,
				7BC83EBF1FC27B50005F6784 /* UIKit */,
				7BC83ECF1FC27B50005F6784 /* Utils */,
				7BC83ED61FC27B50005F6784 /* YSAppManager.swift */,
				7B86F7181FC2D0710018C573 /* Peacock.swift */,
			);
			path = Peacock;
			sourceTree = "<group>";
		};
		7BC83E9C1FC27B50005F6784 /* BaseUIClass */ = {
			isa = PBXGroup;
			children = (
				7BC83E9D1FC27B50005F6784 /* YSBaseHeaderFooterView.swift */,
				7BC83E9E1FC27B50005F6784 /* YSBaseTableViewCell.swift */,
				7BC83E9F1FC27B50005F6784 /* YSBaseUIConfigs.swift */,
				7BC83EA01FC27B50005F6784 /* YSBaseViewController.swift */,
				7BC83EA11FC27B50005F6784 /* YSCollectionViewCell.swift */,
				7BC83EA21FC27B50005F6784 /* YSLineSeparatorCollectionViewCell.swift */,
				7BC83EA31FC27B50005F6784 /* YSNavigationController.swift */,
				7BC83EA41FC27B50005F6784 /* YSTableViewController.swift */,
				7BC83EA51FC27B50005F6784 /* YSView.swift */,
			);
			path = BaseUIClass;
			sourceTree = "<group>";
		};
		7BC83EA61FC27B50005F6784 /* Extenstion */ = {
			isa = PBXGroup;
			children = (
				7BC83EA81FC27B50005F6784 /* NSAttributedString+Extension.swift */,
				7BC83EA91FC27B50005F6784 /* NSDate+Extension.swift */,
				7BC83EAA1FC27B50005F6784 /* NSObject+Swift.swift */,
				7BC83EAB1FC27B50005F6784 /* String+Extension.swift */,
				7BC83EAE1FC27B50005F6784 /* UIButton+Swift.swift */,
				7BC83EAF1FC27B50005F6784 /* UIColor+Swift.swift */,
				7BC83EB01FC27B50005F6784 /* UIImage+Extension.swift */,
				7BC83EB11FC27B50005F6784 /* UIImage+Swift.swift */,
				7BC83EB21FC27B50005F6784 /* UITableView+Swift.swift */,
				7BC83EB31FC27B50005F6784 /* UITextField+Swift.swift */,
				7BC83EB41FC27B50005F6784 /* UIView+Swift.swift */,
				7BC83EB51FC27B50005F6784 /* UIViewController+Swift.swift */,
			);
			path = Extenstion;
			sourceTree = "<group>";
		};
		7BC83EB61FC27B50005F6784 /* Network */ = {
			isa = PBXGroup;
			children = (
				7BC83EB71FC27B50005F6784 /* Extension */,
				7BC83EBA1FC27B50005F6784 /* Request */,
				7BC83EBD1FC27B50005F6784 /* Utils */,
			);
			path = Network;
			sourceTree = "<group>";
		};
		7BC83EB71FC27B50005F6784 /* Extension */ = {
			isa = PBXGroup;
			children = (
				7BC83EB81FC27B50005F6784 /* Response+Any.swift */,
				7BC83EB91FC27B50005F6784 /* RxMoyaProvider+ObjectMapper.swift */,
			);
			path = Extension;
			sourceTree = "<group>";
		};
		7BC83EBA1FC27B50005F6784 /* Request */ = {
			isa = PBXGroup;
			children = (
				7BC83EBB1FC27B50005F6784 /* YSNetWorkManager.swift */,
				7BC83EBC1FC27B50005F6784 /* YSTargetRequestable.swift */,
			);
			path = Request;
			sourceTree = "<group>";
		};
		7BC83EBD1FC27B50005F6784 /* Utils */ = {
			isa = PBXGroup;
			children = (
				7BC83EBE1FC27B50005F6784 /* YSNetWorkConstant.swift */,
			);
			path = Utils;
			sourceTree = "<group>";
		};
		7BC83EBF1FC27B50005F6784 /* UIKit */ = {
			isa = PBXGroup;
			children = (
				7BC83EC01FC27B50005F6784 /* BaseControl */,
				7BC83EC41FC27B50005F6784 /* SMSetting */,
				7BC83EC71FC27B50005F6784 /* YSPopView */,
			);
			path = UIKit;
			sourceTree = "<group>";
		};
		7BC83EC01FC27B50005F6784 /* BaseControl */ = {
			isa = PBXGroup;
			children = (
				7BC83EC11FC27B50005F6784 /* YSImageButton.swift */,
				7BC83EC21FC27B50005F6784 /* YSMediaPicker.swift */,
				7BC83EC31FC27B50005F6784 /* YSPasscodeField.swift */,
			);
			path = BaseControl;
			sourceTree = "<group>";
		};
		7BC83EC41FC27B50005F6784 /* SMSetting */ = {
			isa = PBXGroup;
			children = (
				7BC83EC51FC27B50005F6784 /* YSAppConfig.swift */,
				7BC83EC61FC27B50005F6784 /* YSAppConfigController.swift */,
			);
			path = SMSetting;
			sourceTree = "<group>";
		};
		7BC83EC71FC27B50005F6784 /* YSPopView */ = {
			isa = PBXGroup;
			children = (
				7BC83EC81FC27B50005F6784 /* YSActionItem.swift */,
				7BC83EC91FC27B50005F6784 /* YSAlertView.swift */,
				7BC83ECA1FC27B50005F6784 /* YSBubbleView.swift */,
				7BC83ECB1FC27B50005F6784 /* YSPopupExtension.swift */,
				7BC83ECC1FC27B50005F6784 /* YSPopupView.swift */,
				7BC83ECD1FC27B50005F6784 /* YSSheetView.swift */,
				7BC83ECE1FC27B50005F6784 /* YSWindow.swift */,
			);
			path = YSPopView;
			sourceTree = "<group>";
		};
		7BC83ECF1FC27B50005F6784 /* Utils */ = {
			isa = PBXGroup;
			children = (
				7BC83ED01FC27B50005F6784 /* SwiftUserDefaults.swift */,
				7BC83ED11FC27B50005F6784 /* YSColor.swift */,
				7BC83ED21FC27B50005F6784 /* YSFont.swift */,
				7BC83ED31FC27B50005F6784 /* YSLanguageManager.swift */,
				7BC83ED41FC27B50005F6784 /* YSUIManager.swift */,
				7BC83ED51FC27B50005F6784 /* YSUtils.swift */,
			);
			path = Utils;
			sourceTree = "<group>";
		};
		A4BCAE5D4320E43B7337BF4E /* Frameworks */ = {
			isa = PBXGroup;
			children = (
				A755192FA4CC6096364C9F9E /* Pods_YsSwift.framework */,
				124FCFB694358494D598957E /* Pods_Peacock.framework */,
				709DED53B24746AD2785B35F /* Pods_Rabbit.framework */,
			);
			name = Frameworks;
			sourceTree = "<group>";
		};
		C459FBE5FB69A9A5A288C65B /* Pods */ = {
			isa = PBXGroup;
			children = (
				051A4EF8BFDA81AA46324452 /* Pods-Peacock.debug.xcconfig */,
				16C026F9C55835E0B9756538 /* Pods-Peacock.release.xcconfig */,
				3578DFAFAF07465AD2AF5132 /* Pods-Rabbit.debug.xcconfig */,
				7DFB10B9703414DF169BDADC /* Pods-Rabbit.release.xcconfig */,
				0530A2F492F64DA9FA153378 /* Pods-YsSwift.debug.xcconfig */,
				CC099B6082A0986FC3AC60BF /* Pods-YsSwift.release.xcconfig */,
				10AE832B194444955775074E /* Pods-LibApp-Peacock.debug.xcconfig */,
				5E54626B044EFED1CBC23154 /* Pods-LibApp-Peacock.release.xcconfig */,
				D4401DB8FE5FB1BC95037D53 /* Pods-LibApp-Rabbit.debug.xcconfig */,
				75571DC80B066DFFCD0A9686 /* Pods-LibApp-Rabbit.release.xcconfig */,
				2B9605920F2D170173254135 /* Pods-LibApp-YsSwift.debug.xcconfig */,
				AF4DE7F44338624BBDD07169 /* Pods-LibApp-YsSwift.release.xcconfig */,
			);
			name = Pods;
			sourceTree = "<group>";
		};
/* End PBXGroup section */

/* Begin PBXHeadersBuildPhase section */
		7B86F7501FC2D35A0018C573 /* Headers */ = {
			isa = PBXHeadersBuildPhase;
			buildActionMask = 2147483647;
			files = (
				7B86F7571FC2D35A0018C573 /* Rabbit.h in Headers */,
			);
			runOnlyForDeploymentPostprocessing = 0;
		};
		7BBE879B1F949A4D006A02BA /* Headers */ = {
			isa = PBXHeadersBuildPhase;
			buildActionMask = 2147483647;
			files = (
				7BBE87A31F949A4D006A02BA /* YsSwift.h in Headers */,
			);
			runOnlyForDeploymentPostprocessing = 0;
		};
		7BC83E251FC27347005F6784 /* Headers */ = {
			isa = PBXHeadersBuildPhase;
			buildActionMask = 2147483647;
			files = (
				7BC83E2C1FC27347005F6784 /* Peacock.h in Headers */,
			);
			runOnlyForDeploymentPostprocessing = 0;
		};
/* End PBXHeadersBuildPhase section */

/* Begin PBXNativeTarget section */
		7B86F7521FC2D35A0018C573 /* Rabbit */ = {
			isa = PBXNativeTarget;
			buildConfigurationList = 7B86F7581FC2D35A0018C573 /* Build configuration list for PBXNativeTarget "Rabbit" */;
			buildPhases = (
				0BFC136419172F8E7225024F /* [CP] Check Pods Manifest.lock */,
				7B86F74E1FC2D35A0018C573 /* Sources */,
				7B86F74F1FC2D35A0018C573 /* Frameworks */,
				7B86F7501FC2D35A0018C573 /* Headers */,
				7B86F7511FC2D35A0018C573 /* Resources */,
				FB4AF18DDA1E7F195A5D95B4 /* [CP] Copy Pods Resources */,
			);
			buildRules = (
			);
			dependencies = (
			);
			name = Rabbit;
			productName = Rabbit;
			productReference = 7B86F7531FC2D35A0018C573 /* Rabbit.framework */;
			productType = "com.apple.product-type.framework";
		};
		7BBE879D1F949A4D006A02BA /* YsSwift */ = {
			isa = PBXNativeTarget;
			buildConfigurationList = 7BBE87A61F949A4D006A02BA /* Build configuration list for PBXNativeTarget "YsSwift" */;
			buildPhases = (
				5445B111CEDA6318F80A4DBD /* [CP] Check Pods Manifest.lock */,
				7BBE87991F949A4D006A02BA /* Sources */,
				7BBE879A1F949A4D006A02BA /* Frameworks */,
				7BBE879B1F949A4D006A02BA /* Headers */,
				7BBE879C1F949A4D006A02BA /* Resources */,
				6BE08457808C1E46706C9D38 /* [CP] Copy Pods Resources */,
			);
			buildRules = (
			);
			dependencies = (
			);
			name = YsSwift;
			productName = YsSwift;
			productReference = 7BBE879E1F949A4D006A02BA /* YsSwift.framework */;
			productType = "com.apple.product-type.framework";
		};
		7BC83E271FC27347005F6784 /* Peacock */ = {
			isa = PBXNativeTarget;
			buildConfigurationList = 7BC83E2F1FC27347005F6784 /* Build configuration list for PBXNativeTarget "Peacock" */;
			buildPhases = (
				E781C096ABB0A9FD9D93FF56 /* [CP] Check Pods Manifest.lock */,
				7BC83E231FC27347005F6784 /* Sources */,
				7BC83E241FC27347005F6784 /* Frameworks */,
				7BC83E251FC27347005F6784 /* Headers */,
				7BC83E261FC27347005F6784 /* Resources */,
				129C7B5E5F7E844075CBA574 /* [CP] Copy Pods Resources */,
			);
			buildRules = (
			);
			dependencies = (
			);
			name = Peacock;
			productName = Peacock;
			productReference = 7BC83E281FC27347005F6784 /* Peacock.framework */;
			productType = "com.apple.product-type.framework";
		};
/* End PBXNativeTarget section */

/* Begin PBXProject section */
		7BBE87951F949A4D006A02BA /* Project object */ = {
			isa = PBXProject;
			attributes = {
				LastUpgradeCheck = 0900;
				ORGANIZATIONNAME = "尧尚信息科技";
				TargetAttributes = {
					7B86F7521FC2D35A0018C573 = {
						CreatedOnToolsVersion = 9.0;
						ProvisioningStyle = Automatic;
					};
					7BBE879D1F949A4D006A02BA = {
						CreatedOnToolsVersion = 9.0;
						ProvisioningStyle = Automatic;
					};
					7BC83E271FC27347005F6784 = {
						CreatedOnToolsVersion = 9.0;
						ProvisioningStyle = Automatic;
					};
				};
			};
			buildConfigurationList = 7BBE87981F949A4D006A02BA /* Build configuration list for PBXProject "YsSwift" */;
			compatibilityVersion = "Xcode 8.0";
			developmentRegion = en;
			hasScannedForEncodings = 0;
			knownRegions = (
				en,
			);
			mainGroup = 7BBE87941F949A4D006A02BA;
			productRefGroup = 7BBE879F1F949A4D006A02BA /* Products */;
			projectDirPath = "";
			projectRoot = "";
			targets = (
				7BBE879D1F949A4D006A02BA /* YsSwift */,
				7BC83E271FC27347005F6784 /* Peacock */,
				7B86F7521FC2D35A0018C573 /* Rabbit */,
			);
		};
/* End PBXProject section */

/* Begin PBXResourcesBuildPhase section */
		7B86F7511FC2D35A0018C573 /* Resources */ = {
			isa = PBXResourcesBuildPhase;
			buildActionMask = 2147483647;
			files = (
			);
			runOnlyForDeploymentPostprocessing = 0;
		};
		7BBE879C1F949A4D006A02BA /* Resources */ = {
			isa = PBXResourcesBuildPhase;
			buildActionMask = 2147483647;
			files = (
			);
			runOnlyForDeploymentPostprocessing = 0;
		};
		7BC83E261FC27347005F6784 /* Resources */ = {
			isa = PBXResourcesBuildPhase;
			buildActionMask = 2147483647;
			files = (
			);
			runOnlyForDeploymentPostprocessing = 0;
		};
/* End PBXResourcesBuildPhase section */

/* Begin PBXShellScriptBuildPhase section */
		0BFC136419172F8E7225024F /* [CP] Check Pods Manifest.lock */ = {
			isa = PBXShellScriptBuildPhase;
			buildActionMask = 2147483647;
			files = (
			);
			inputPaths = (
				"${PODS_PODFILE_DIR_PATH}/Podfile.lock",
				"${PODS_ROOT}/Manifest.lock",
			);
			name = "[CP] Check Pods Manifest.lock";
			outputPaths = (
				"$(DERIVED_FILE_DIR)/Pods-Rabbit-checkManifestLockResult.txt",
			);
			runOnlyForDeploymentPostprocessing = 0;
			shellPath = /bin/sh;
			shellScript = "diff \"${PODS_PODFILE_DIR_PATH}/Podfile.lock\" \"${PODS_ROOT}/Manifest.lock\" > /dev/null\nif [ $? != 0 ] ; then\n    # print error to STDERR\n    echo \"error: The sandbox is not in sync with the Podfile.lock. Run 'pod install' or update your CocoaPods installation.\" >&2\n    exit 1\nfi\n# This output is used by Xcode 'outputs' to avoid re-running this script phase.\necho \"SUCCESS\" > \"${SCRIPT_OUTPUT_FILE_0}\"\n";
			showEnvVarsInLog = 0;
		};
		129C7B5E5F7E844075CBA574 /* [CP] Copy Pods Resources */ = {
			isa = PBXShellScriptBuildPhase;
			buildActionMask = 2147483647;
			files = (
			);
			inputPaths = (
			);
			name = "[CP] Copy Pods Resources";
			outputPaths = (
			);
			runOnlyForDeploymentPostprocessing = 0;
			shellPath = /bin/sh;
			shellScript = "\"${SRCROOT}/Pods/Target Support Files/Pods-Peacock/Pods-Peacock-resources.sh\"\n";
			showEnvVarsInLog = 0;
		};
		5445B111CEDA6318F80A4DBD /* [CP] Check Pods Manifest.lock */ = {
			isa = PBXShellScriptBuildPhase;
			buildActionMask = 2147483647;
			files = (
			);
			inputPaths = (
				"${PODS_PODFILE_DIR_PATH}/Podfile.lock",
				"${PODS_ROOT}/Manifest.lock",
			);
			name = "[CP] Check Pods Manifest.lock";
			outputPaths = (
				"$(DERIVED_FILE_DIR)/Pods-YsSwift-checkManifestLockResult.txt",
			);
			runOnlyForDeploymentPostprocessing = 0;
			shellPath = /bin/sh;
			shellScript = "diff \"${PODS_PODFILE_DIR_PATH}/Podfile.lock\" \"${PODS_ROOT}/Manifest.lock\" > /dev/null\nif [ $? != 0 ] ; then\n    # print error to STDERR\n    echo \"error: The sandbox is not in sync with the Podfile.lock. Run 'pod install' or update your CocoaPods installation.\" >&2\n    exit 1\nfi\n# This output is used by Xcode 'outputs' to avoid re-running this script phase.\necho \"SUCCESS\" > \"${SCRIPT_OUTPUT_FILE_0}\"\n";
			showEnvVarsInLog = 0;
		};
		6BE08457808C1E46706C9D38 /* [CP] Copy Pods Resources */ = {
			isa = PBXShellScriptBuildPhase;
			buildActionMask = 2147483647;
			files = (
			);
			inputPaths = (
			);
			name = "[CP] Copy Pods Resources";
			outputPaths = (
			);
			runOnlyForDeploymentPostprocessing = 0;
			shellPath = /bin/sh;
			shellScript = "\"${SRCROOT}/Pods/Target Support Files/Pods-YsSwift/Pods-YsSwift-resources.sh\"\n";
			showEnvVarsInLog = 0;
		};
		E781C096ABB0A9FD9D93FF56 /* [CP] Check Pods Manifest.lock */ = {
			isa = PBXShellScriptBuildPhase;
			buildActionMask = 2147483647;
			files = (
			);
			inputPaths = (
				"${PODS_PODFILE_DIR_PATH}/Podfile.lock",
				"${PODS_ROOT}/Manifest.lock",
			);
			name = "[CP] Check Pods Manifest.lock";
			outputPaths = (
				"$(DERIVED_FILE_DIR)/Pods-Peacock-checkManifestLockResult.txt",
			);
			runOnlyForDeploymentPostprocessing = 0;
			shellPath = /bin/sh;
			shellScript = "diff \"${PODS_PODFILE_DIR_PATH}/Podfile.lock\" \"${PODS_ROOT}/Manifest.lock\" > /dev/null\nif [ $? != 0 ] ; then\n    # print error to STDERR\n    echo \"error: The sandbox is not in sync with the Podfile.lock. Run 'pod install' or update your CocoaPods installation.\" >&2\n    exit 1\nfi\n# This output is used by Xcode 'outputs' to avoid re-running this script phase.\necho \"SUCCESS\" > \"${SCRIPT_OUTPUT_FILE_0}\"\n";
			showEnvVarsInLog = 0;
		};
		FB4AF18DDA1E7F195A5D95B4 /* [CP] Copy Pods Resources */ = {
			isa = PBXShellScriptBuildPhase;
			buildActionMask = 2147483647;
			files = (
			);
			inputPaths = (
			);
			name = "[CP] Copy Pods Resources";
			outputPaths = (
			);
			runOnlyForDeploymentPostprocessing = 0;
			shellPath = /bin/sh;
			shellScript = "\"${SRCROOT}/Pods/Target Support Files/Pods-Rabbit/Pods-Rabbit-resources.sh\"\n";
			showEnvVarsInLog = 0;
		};
/* End PBXShellScriptBuildPhase section */

/* Begin PBXSourcesBuildPhase section */
		7B86F74E1FC2D35A0018C573 /* Sources */ = {
			isa = PBXSourcesBuildPhase;
			buildActionMask = 2147483647;
			files = (
				7B9639FD2000EF1E008E95D8 /* LoaderSessionDelegate.swift in Sources */,
				7B86F75B1FC2D37A0018C573 /* Cache.swift in Sources */,
				7B86F75C1FC2D37A0018C573 /* Rabbit.swift in Sources */,
				7B86F75D1FC2D37A0018C573 /* Manager.swift in Sources */,
				7B86F75E1FC2D37A0018C573 /* DataDecoder.swift in Sources */,
				7B86F75F1FC2D37A0018C573 /* Loader.swift in Sources */,
				7B86F7601FC2D37A0018C573 /* ImageView+Target.swift in Sources */,
				7B86F7611FC2D37A0018C573 /* UIButton+Target.swift in Sources */,
			);
			runOnlyForDeploymentPostprocessing = 0;
		};
		7BBE87991F949A4D006A02BA /* Sources */ = {
			isa = PBXSourcesBuildPhase;
			buildActionMask = 2147483647;
			files = (
				7BBE87F01F94B07C006A02BA /* LoaderDeduplicator.swift in Sources */,
				7BBE87D81F949B59006A02BA /* Animal.swift in Sources */,
				7BBE87D91F949B59006A02BA /* CancellationToken.swift in Sources */,
				7BBE87DA1F949B59006A02BA /* Data+YS.swift in Sources */,
				7BBE87DB1F949B59006A02BA /* Lock.swift in Sources */,
				7BBE87DC1F949B59006A02BA /* MemCache.swift in Sources */,
				7B9639FA2000D716008E95D8 /* SessionDelegate.swift in Sources */,
				7BC83F211FC28B37005F6784 /* YSSwiftError.swift in Sources */,
				7BBE87DD1F949B59006A02BA /* DataLoader.swift in Sources */,
				7BBE87DE1F949B59006A02BA /* Request.swift in Sources */,
				7BBE87DF1F949B59006A02BA /* Scheduler.swift in Sources */,
				7BBE87E01F949B59006A02BA /* String+YS.swift in Sources */,
				7BBE87E11F949B59006A02BA /* UIImage+YS.swift in Sources */,
				7BBE87E21F949B59006A02BA /* UIView+YS.swift in Sources */,
				7BBE87E31F949B59006A02BA /* YSSwift.swift in Sources */,
			);
			runOnlyForDeploymentPostprocessing = 0;
		};
		7BC83E231FC27347005F6784 /* Sources */ = {
			isa = PBXSourcesBuildPhase;
			buildActionMask = 2147483647;
			files = (
				7BC83EFD1FC27B51005F6784 /* YSSheetView.swift in Sources */,
				7BC83EEC1FC27B51005F6784 /* UIView+Swift.swift in Sources */,
				7BC83F011FC27B51005F6784 /* YSFont.swift in Sources */,
				7BC83EE71FC27B51005F6784 /* UIColor+Swift.swift in Sources */,
				7BC83EF11FC27B51005F6784 /* YSTargetRequestable.swift in Sources */,
				7BC83EE21FC27B51005F6784 /* NSDate+Extension.swift in Sources */,
				7BC83EFA1FC27B51005F6784 /* YSBubbleView.swift in Sources */,
				7BC83EFF1FC27B51005F6784 /* SwiftUserDefaults.swift in Sources */,
				7BC83EE61FC27B51005F6784 /* UIButton+Swift.swift in Sources */,
				7BC83EE81FC27B51005F6784 /* UIImage+Extension.swift in Sources */,
				7BC83EF41FC27B51005F6784 /* YSMediaPicker.swift in Sources */,
				7BC83EDC1FC27B51005F6784 /* YSLineSeparatorCollectionViewCell.swift in Sources */,
				7BC83EED1FC27B51005F6784 /* UIViewController+Swift.swift in Sources */,
				7BC83EF51FC27B51005F6784 /* YSPasscodeField.swift in Sources */,
				7BC83EEE1FC27B51005F6784 /* Response+Any.swift in Sources */,
				7BC83EDE1FC27B51005F6784 /* YSTableViewController.swift in Sources */,
				7BC83EEB1FC27B51005F6784 /* UITextField+Swift.swift in Sources */,
				7BC83EF01FC27B51005F6784 /* YSNetWorkManager.swift in Sources */,
				7BC83EE31FC27B51005F6784 /* NSObject+Swift.swift in Sources */,
				7BC83EF61FC27B51005F6784 /* YSAppConfig.swift in Sources */,
				7BC83EFC1FC27B51005F6784 /* YSPopupView.swift in Sources */,
				7BC83EE11FC27B51005F6784 /* NSAttributedString+Extension.swift in Sources */,
				7BC83EDB1FC27B51005F6784 /* YSCollectionViewCell.swift in Sources */,
				7BC83F051FC27B51005F6784 /* YSAppManager.swift in Sources */,
				7BC83EEF1FC27B51005F6784 /* RxMoyaProvider+ObjectMapper.swift in Sources */,
				7BC83ED81FC27B51005F6784 /* YSBaseTableViewCell.swift in Sources */,
				7BC83ED71FC27B51005F6784 /* YSBaseHeaderFooterView.swift in Sources */,
				7B86F7191FC2D0710018C573 /* Peacock.swift in Sources */,
				7BC83EF91FC27B51005F6784 /* YSAlertView.swift in Sources */,
				7BC83EFB1FC27B51005F6784 /* YSPopupExtension.swift in Sources */,
				7BC83EE41FC27B51005F6784 /* String+Extension.swift in Sources */,
				7BC83F031FC27B51005F6784 /* YSUIManager.swift in Sources */,
				7BC83F021FC27B51005F6784 /* YSLanguageManager.swift in Sources */,
				7BC83EF81FC27B51005F6784 /* YSActionItem.swift in Sources */,
				7BC83ED91FC27B51005F6784 /* YSBaseUIConfigs.swift in Sources */,
				7BC83EE91FC27B51005F6784 /* UIImage+Swift.swift in Sources */,
				7BC83EDD1FC27B51005F6784 /* YSNavigationController.swift in Sources */,
				7BC83EF31FC27B51005F6784 /* YSImageButton.swift in Sources */,
				7BC83EDF1FC27B51005F6784 /* YSView.swift in Sources */,
				7BC83EF71FC27B51005F6784 /* YSAppConfigController.swift in Sources */,
				7BC83EDA1FC27B51005F6784 /* YSBaseViewController.swift in Sources */,
				7BC83EFE1FC27B51005F6784 /* YSWindow.swift in Sources */,
				7BC83EF21FC27B51005F6784 /* YSNetWorkConstant.swift in Sources */,
				7BC83F041FC27B51005F6784 /* YSUtils.swift in Sources */,
				7BC83EEA1FC27B51005F6784 /* UITableView+Swift.swift in Sources */,
				7BC83F001FC27B51005F6784 /* YSColor.swift in Sources */,
			);
			runOnlyForDeploymentPostprocessing = 0;
		};
/* End PBXSourcesBuildPhase section */

/* Begin XCBuildConfiguration section */
		7B86F7591FC2D35A0018C573 /* Debug */ = {
			isa = XCBuildConfiguration;
			baseConfigurationReference = 3578DFAFAF07465AD2AF5132 /* Pods-Rabbit.debug.xcconfig */;
			buildSettings = {
				CODE_SIGN_IDENTITY = "";
				CODE_SIGN_STYLE = Automatic;
				DEFINES_MODULE = YES;
				DYLIB_COMPATIBILITY_VERSION = 1;
				DYLIB_CURRENT_VERSION = 1;
				DYLIB_INSTALL_NAME_BASE = "@rpath";
				INFOPLIST_FILE = Rabbit/Info.plist;
				INSTALL_PATH = "$(LOCAL_LIBRARY_DIR)/Frameworks";
				LD_RUNPATH_SEARCH_PATHS = "$(inherited) @executable_path/Frameworks @loader_path/Frameworks";
				OTHER_SWIFT_FLAGS = "$(inherited) \"-D\" \"COCOAPODS\" \"-D\" \"YSSWIFT_DEBUG\"";
				PRODUCT_BUNDLE_IDENTIFIER = yourshares.cn.Rabbit;
				PRODUCT_NAME = "$(TARGET_NAME:c99extidentifier)";
				SKIP_INSTALL = YES;
				SWIFT_VERSION = 4.0;
				TARGETED_DEVICE_FAMILY = "1,2";
			};
			name = Debug;
		};
		7B86F75A1FC2D35A0018C573 /* Release */ = {
			isa = XCBuildConfiguration;
			baseConfigurationReference = 7DFB10B9703414DF169BDADC /* Pods-Rabbit.release.xcconfig */;
			buildSettings = {
				CODE_SIGN_IDENTITY = "";
				CODE_SIGN_STYLE = Automatic;
				DEFINES_MODULE = YES;
				DYLIB_COMPATIBILITY_VERSION = 1;
				DYLIB_CURRENT_VERSION = 1;
				DYLIB_INSTALL_NAME_BASE = "@rpath";
				INFOPLIST_FILE = Rabbit/Info.plist;
				INSTALL_PATH = "$(LOCAL_LIBRARY_DIR)/Frameworks";
				LD_RUNPATH_SEARCH_PATHS = "$(inherited) @executable_path/Frameworks @loader_path/Frameworks";
				OTHER_SWIFT_FLAGS = "$(inherited) \"-D\" \"COCOAPODS\" \"-D\" \"YSSWIFT_DEBUG\"";
				PRODUCT_BUNDLE_IDENTIFIER = yourshares.cn.Rabbit;
				PRODUCT_NAME = "$(TARGET_NAME:c99extidentifier)";
				SKIP_INSTALL = YES;
				SWIFT_VERSION = 4.0;
				TARGETED_DEVICE_FAMILY = "1,2";
			};
			name = Release;
		};
		7BBE87A41F949A4D006A02BA /* Debug */ = {
			isa = XCBuildConfiguration;
			buildSettings = {
				ALWAYS_SEARCH_USER_PATHS = NO;
				CLANG_ANALYZER_NONNULL = YES;
				CLANG_ANALYZER_NUMBER_OBJECT_CONVERSION = YES_AGGRESSIVE;
				CLANG_CXX_LANGUAGE_STANDARD = "gnu++14";
				CLANG_CXX_LIBRARY = "libc++";
				CLANG_ENABLE_MODULES = YES;
				CLANG_ENABLE_OBJC_ARC = YES;
				CLANG_WARN_BLOCK_CAPTURE_AUTORELEASING = YES;
				CLANG_WARN_BOOL_CONVERSION = YES;
				CLANG_WARN_COMMA = YES;
				CLANG_WARN_CONSTANT_CONVERSION = YES;
				CLANG_WARN_DIRECT_OBJC_ISA_USAGE = YES_ERROR;
				CLANG_WARN_DOCUMENTATION_COMMENTS = YES;
				CLANG_WARN_EMPTY_BODY = YES;
				CLANG_WARN_ENUM_CONVERSION = YES;
				CLANG_WARN_INFINITE_RECURSION = YES;
				CLANG_WARN_INT_CONVERSION = YES;
				CLANG_WARN_NON_LITERAL_NULL_CONVERSION = YES;
				CLANG_WARN_OBJC_LITERAL_CONVERSION = YES;
				CLANG_WARN_OBJC_ROOT_CLASS = YES_ERROR;
				CLANG_WARN_RANGE_LOOP_ANALYSIS = YES;
				CLANG_WARN_STRICT_PROTOTYPES = YES;
				CLANG_WARN_SUSPICIOUS_MOVE = YES;
				CLANG_WARN_UNGUARDED_AVAILABILITY = YES_AGGRESSIVE;
				CLANG_WARN_UNREACHABLE_CODE = YES;
				CLANG_WARN__DUPLICATE_METHOD_MATCH = YES;
				CODE_SIGN_IDENTITY = "iPhone Developer";
				COPY_PHASE_STRIP = NO;
				CURRENT_PROJECT_VERSION = 1;
				DEBUG_INFORMATION_FORMAT = dwarf;
				ENABLE_STRICT_OBJC_MSGSEND = YES;
				ENABLE_TESTABILITY = YES;
				GCC_C_LANGUAGE_STANDARD = gnu11;
				GCC_DYNAMIC_NO_PIC = NO;
				GCC_NO_COMMON_BLOCKS = YES;
				GCC_OPTIMIZATION_LEVEL = 0;
				GCC_PREPROCESSOR_DEFINITIONS = (
					"DEBUG=1",
					"$(inherited)",
				);
				GCC_WARN_64_TO_32_BIT_CONVERSION = YES;
				GCC_WARN_ABOUT_RETURN_TYPE = YES_ERROR;
				GCC_WARN_UNDECLARED_SELECTOR = YES;
				GCC_WARN_UNINITIALIZED_AUTOS = YES_AGGRESSIVE;
				GCC_WARN_UNUSED_FUNCTION = YES;
				GCC_WARN_UNUSED_VARIABLE = YES;
				IPHONEOS_DEPLOYMENT_TARGET = 11.0;
				MTL_ENABLE_DEBUG_INFO = YES;
				ONLY_ACTIVE_ARCH = YES;
				SDKROOT = iphoneos;
				SWIFT_ACTIVE_COMPILATION_CONDITIONS = DEBUG;
				SWIFT_OPTIMIZATION_LEVEL = "-Onone";
				VERSIONING_SYSTEM = "apple-generic";
				VERSION_INFO_PREFIX = "";
			};
			name = Debug;
		};
		7BBE87A51F949A4D006A02BA /* Release */ = {
			isa = XCBuildConfiguration;
			buildSettings = {
				ALWAYS_SEARCH_USER_PATHS = NO;
				CLANG_ANALYZER_NONNULL = YES;
				CLANG_ANALYZER_NUMBER_OBJECT_CONVERSION = YES_AGGRESSIVE;
				CLANG_CXX_LANGUAGE_STANDARD = "gnu++14";
				CLANG_CXX_LIBRARY = "libc++";
				CLANG_ENABLE_MODULES = YES;
				CLANG_ENABLE_OBJC_ARC = YES;
				CLANG_WARN_BLOCK_CAPTURE_AUTORELEASING = YES;
				CLANG_WARN_BOOL_CONVERSION = YES;
				CLANG_WARN_COMMA = YES;
				CLANG_WARN_CONSTANT_CONVERSION = YES;
				CLANG_WARN_DIRECT_OBJC_ISA_USAGE = YES_ERROR;
				CLANG_WARN_DOCUMENTATION_COMMENTS = YES;
				CLANG_WARN_EMPTY_BODY = YES;
				CLANG_WARN_ENUM_CONVERSION = YES;
				CLANG_WARN_INFINITE_RECURSION = YES;
				CLANG_WARN_INT_CONVERSION = YES;
				CLANG_WARN_NON_LITERAL_NULL_CONVERSION = YES;
				CLANG_WARN_OBJC_LITERAL_CONVERSION = YES;
				CLANG_WARN_OBJC_ROOT_CLASS = YES_ERROR;
				CLANG_WARN_RANGE_LOOP_ANALYSIS = YES;
				CLANG_WARN_STRICT_PROTOTYPES = YES;
				CLANG_WARN_SUSPICIOUS_MOVE = YES;
				CLANG_WARN_UNGUARDED_AVAILABILITY = YES_AGGRESSIVE;
				CLANG_WARN_UNREACHABLE_CODE = YES;
				CLANG_WARN__DUPLICATE_METHOD_MATCH = YES;
				CODE_SIGN_IDENTITY = "iPhone Developer";
				COPY_PHASE_STRIP = NO;
				CURRENT_PROJECT_VERSION = 1;
				DEBUG_INFORMATION_FORMAT = "dwarf-with-dsym";
				ENABLE_NS_ASSERTIONS = NO;
				ENABLE_STRICT_OBJC_MSGSEND = YES;
				GCC_C_LANGUAGE_STANDARD = gnu11;
				GCC_NO_COMMON_BLOCKS = YES;
				GCC_WARN_64_TO_32_BIT_CONVERSION = YES;
				GCC_WARN_ABOUT_RETURN_TYPE = YES_ERROR;
				GCC_WARN_UNDECLARED_SELECTOR = YES;
				GCC_WARN_UNINITIALIZED_AUTOS = YES_AGGRESSIVE;
				GCC_WARN_UNUSED_FUNCTION = YES;
				GCC_WARN_UNUSED_VARIABLE = YES;
				IPHONEOS_DEPLOYMENT_TARGET = 11.0;
				MTL_ENABLE_DEBUG_INFO = NO;
				SDKROOT = iphoneos;
				SWIFT_OPTIMIZATION_LEVEL = "-Owholemodule";
				VALIDATE_PRODUCT = YES;
				VERSIONING_SYSTEM = "apple-generic";
				VERSION_INFO_PREFIX = "";
			};
			name = Release;
		};
		7BBE87A71F949A4D006A02BA /* Debug */ = {
			isa = XCBuildConfiguration;
			baseConfigurationReference = 0530A2F492F64DA9FA153378 /* Pods-YsSwift.debug.xcconfig */;
			buildSettings = {
				CODE_SIGN_IDENTITY = "";
				CODE_SIGN_STYLE = Automatic;
				DEFINES_MODULE = YES;
				DYLIB_COMPATIBILITY_VERSION = 1;
				DYLIB_CURRENT_VERSION = 1;
				DYLIB_INSTALL_NAME_BASE = "@rpath";
				INFOPLIST_FILE = YsSwift/Info.plist;
				INSTALL_PATH = "$(LOCAL_LIBRARY_DIR)/Frameworks";
				LD_RUNPATH_SEARCH_PATHS = "$(inherited) @executable_path/Frameworks @loader_path/Frameworks";
				ONLY_ACTIVE_ARCH = YES;
				PRODUCT_BUNDLE_IDENTIFIER = yourshares.cn.YsSwift;
				PRODUCT_NAME = "$(TARGET_NAME:c99extidentifier)";
				SKIP_INSTALL = YES;
				SWIFT_VERSION = 4.0;
				TARGETED_DEVICE_FAMILY = "1,2";
			};
			name = Debug;
		};
		7BBE87A81F949A4D006A02BA /* Release */ = {
			isa = XCBuildConfiguration;
			baseConfigurationReference = CC099B6082A0986FC3AC60BF /* Pods-YsSwift.release.xcconfig */;
			buildSettings = {
				CODE_SIGN_IDENTITY = "";
				CODE_SIGN_STYLE = Automatic;
				DEFINES_MODULE = YES;
				DYLIB_COMPATIBILITY_VERSION = 1;
				DYLIB_CURRENT_VERSION = 1;
				DYLIB_INSTALL_NAME_BASE = "@rpath";
				INFOPLIST_FILE = YsSwift/Info.plist;
				INSTALL_PATH = "$(LOCAL_LIBRARY_DIR)/Frameworks";
				LD_RUNPATH_SEARCH_PATHS = "$(inherited) @executable_path/Frameworks @loader_path/Frameworks";
				ONLY_ACTIVE_ARCH = NO;
				PRODUCT_BUNDLE_IDENTIFIER = yourshares.cn.YsSwift;
				PRODUCT_NAME = "$(TARGET_NAME:c99extidentifier)";
				SKIP_INSTALL = YES;
				SWIFT_VERSION = 4.0;
				TARGETED_DEVICE_FAMILY = "1,2";
			};
			name = Release;
		};
		7BC83E2D1FC27347005F6784 /* Debug */ = {
			isa = XCBuildConfiguration;
			baseConfigurationReference = 051A4EF8BFDA81AA46324452 /* Pods-Peacock.debug.xcconfig */;
			buildSettings = {
				CODE_SIGN_IDENTITY = "";
				CODE_SIGN_STYLE = Automatic;
				DEFINES_MODULE = YES;
				DYLIB_COMPATIBILITY_VERSION = 1;
				DYLIB_CURRENT_VERSION = 1;
				DYLIB_INSTALL_NAME_BASE = "@rpath";
				INFOPLIST_FILE = Peacock/Info.plist;
				INSTALL_PATH = "$(LOCAL_LIBRARY_DIR)/Frameworks";
				LD_RUNPATH_SEARCH_PATHS = "$(inherited) @executable_path/Frameworks @loader_path/Frameworks";
				ONLY_ACTIVE_ARCH = YES;
				OTHER_SWIFT_FLAGS = "$(inherited) \"-D\" \"COCOAPODS\" \"-D\" \"YSSWIFT_DEBUG\"";
				PRODUCT_BUNDLE_IDENTIFIER = yourshares.cn.Peacock;
				PRODUCT_NAME = "$(TARGET_NAME:c99extidentifier)";
				SKIP_INSTALL = YES;
				SWIFT_VERSION = 4.0;
				TARGETED_DEVICE_FAMILY = "1,2";
			};
			name = Debug;
		};
		7BC83E2E1FC27347005F6784 /* Release */ = {
			isa = XCBuildConfiguration;
			baseConfigurationReference = 16C026F9C55835E0B9756538 /* Pods-Peacock.release.xcconfig */;
			buildSettings = {
				CODE_SIGN_IDENTITY = "";
				CODE_SIGN_STYLE = Automatic;
				DEFINES_MODULE = YES;
				DYLIB_COMPATIBILITY_VERSION = 1;
				DYLIB_CURRENT_VERSION = 1;
				DYLIB_INSTALL_NAME_BASE = "@rpath";
				INFOPLIST_FILE = Peacock/Info.plist;
				INSTALL_PATH = "$(LOCAL_LIBRARY_DIR)/Frameworks";
				LD_RUNPATH_SEARCH_PATHS = "$(inherited) @executable_path/Frameworks @loader_path/Frameworks";
				OTHER_SWIFT_FLAGS = "$(inherited) \"-D\" \"COCOAPODS\" \"-D\" \"YSSWIFT_DEBUG\"";
				PRODUCT_BUNDLE_IDENTIFIER = yourshares.cn.Peacock;
				PRODUCT_NAME = "$(TARGET_NAME:c99extidentifier)";
				SKIP_INSTALL = YES;
				SWIFT_VERSION = 4.0;
				TARGETED_DEVICE_FAMILY = "1,2";
			};
			name = Release;
		};
/* End XCBuildConfiguration section */

/* Begin XCConfigurationList section */
		7B86F7581FC2D35A0018C573 /* Build configuration list for PBXNativeTarget "Rabbit" */ = {
			isa = XCConfigurationList;
			buildConfigurations = (
				7B86F7591FC2D35A0018C573 /* Debug */,
				7B86F75A1FC2D35A0018C573 /* Release */,
			);
			defaultConfigurationIsVisible = 0;
			defaultConfigurationName = Release;
		};
		7BBE87981F949A4D006A02BA /* Build configuration list for PBXProject "YsSwift" */ = {
			isa = XCConfigurationList;
			buildConfigurations = (
				7BBE87A41F949A4D006A02BA /* Debug */,
				7BBE87A51F949A4D006A02BA /* Release */,
			);
			defaultConfigurationIsVisible = 0;
			defaultConfigurationName = Release;
		};
		7BBE87A61F949A4D006A02BA /* Build configuration list for PBXNativeTarget "YsSwift" */ = {
			isa = XCConfigurationList;
			buildConfigurations = (
				7BBE87A71F949A4D006A02BA /* Debug */,
				7BBE87A81F949A4D006A02BA /* Release */,
			);
			defaultConfigurationIsVisible = 0;
			defaultConfigurationName = Release;
		};
		7BC83E2F1FC27347005F6784 /* Build configuration list for PBXNativeTarget "Peacock" */ = {
			isa = XCConfigurationList;
			buildConfigurations = (
				7BC83E2D1FC27347005F6784 /* Debug */,
				7BC83E2E1FC27347005F6784 /* Release */,
			);
			defaultConfigurationIsVisible = 0;
			defaultConfigurationName = Release;
		};
/* End XCConfigurationList section */
	};
	rootObject = 7BBE87951F949A4D006A02BA /* Project object */;
}
